
Microsoft Visual Studio Solution File, Format Version 12.00
# Visual Studio Version 16
VisualStudioVersion = 16.6.30114.105
MinimumVisualStudioVersion = 10.0.40219.1
Project("{FAE04EC0-301F-11D3-BF4B-00C04F79EFBC}") = "Yoh.Text.Json.NamingPolicies", "src\Yoh.Text.Json.NamingPolicies.csproj", "{F2DD440F-0D84-4E09-872B-E5C74354D7CA}"
EndProject
Project("{FAE04EC0-301F-11D3-BF4B-00C04F79EFBC}") = "Yoh.Text.Json.NamingPolicies.Tests", "tests\Yoh.Text.Json.NamingPolicies.Tests.csproj", "{AD714304-AF95-4142-BE62-291C2054A255}"
EndProject
Project("{FAE04EC0-301F-11D3-BF4B-00C04F79EFBC}") = "Yoh.Text.Json.NamingPolicies.Benchmarks", "benches\Yoh.Text.Json.NamingPolicies.Benchmarks.csproj", "{9352D7A8-0919-47FB-AC9C-C9E29799E2E1}"
EndProject
Global
	GlobalSection(SolutionConfigurationPlatforms) = preSolution
		Debug|Any CPU = Debug|Any CPU
		Debug|x64 = Debug|x64
		Debug|x86 = Debug|x86
		Release|Any CPU = Release|Any CPU
		Release|x64 = Release|x64
		Release|x86 = Release|x86
	EndGlobalSection
	GlobalSection(SolutionProperties) = preSolution
		HideSolutionNode = FALSE
	EndGlobalSection
	GlobalSection(ProjectConfigurationPlatforms) = postSolution
		{F2DD440F-0D84-4E09-872B-E5C74354D7CA}.Debug|Any CPU.ActiveCfg = Debug|Any CPU
		{F2DD440F-0D84-4E09-872B-E5C74354D7CA}.Debug|Any CPU.Build.0 = Debug|Any CPU
		{F2DD440F-0D84-4E09-872B-E5C74354D7CA}.Debug|x64.ActiveCfg = Debug|Any CPU
		{F2DD440F-0D84-4E09-872B-E5C74354D7CA}.Debug|x64.Build.0 = Debug|Any CPU
		{F2DD440F-0D84-4E09-872B-E5C74354D7CA}.Debug|x86.ActiveCfg = Debug|Any CPU
		{F2DD440F-0D84-4E09-872B-E5C74354D7CA}.Debug|x86.Build.0 = Debug|Any CPU
		{F2DD440F-0D84-4E09-872B-E5C74354D7CA}.Release|Any CPU.ActiveCfg = Release|Any CPU
		{F2DD440F-0D84-4E09-872B-E5C74354D7CA}.Release|Any CPU.Build.0 = Release|Any CPU
		{F2DD440F-0D84-4E09-872B-E5C74354D7CA}.Release|x64.ActiveCfg = Release|Any CPU
		{F2DD440F-0D84-4E09-872B-E5C74354D7CA}.Release|x64.Build.0 = Release|Any CPU
		{F2DD440F-0D84-4E09-872B-E5C74354D7CA}.Release|x86.ActiveCfg = Release|Any CPU
		{F2DD440F-0D84-4E09-872B-E5C74354D7CA}.Release|x86.Build.0 = Release|Any CPU
		{AD714304-AF95-4142-BE62-291C2054A255}.Debug|Any CPU.ActiveCfg = Debug|Any CPU
		{AD714304-AF95-4142-BE62-291C2054A255}.Debug|Any CPU.Build.0 = Debug|Any CPU
		{AD714304-AF95-4142-BE62-291C2054A255}.Debug|x64.ActiveCfg = Debug|Any CPU
		{AD714304-AF95-4142-BE62-291C2054A255}.Debug|x64.Build.0 = Debug|Any CPU
		{AD714304-AF95-4142-BE62-291C2054A255}.Debug|x86.ActiveCfg = Debug|Any CPU
		{AD714304-AF95-4142-BE62-291C2054A255}.Debug|x86.Build.0 = Debug|Any CPU
		{AD714304-AF95-4142-BE62-291C2054A255}.Release|Any CPU.ActiveCfg = Release|Any CPU
		{AD714304-AF95-4142-BE62-291C2054A255}.Release|Any CPU.Build.0 = Release|Any CPU
		{AD714304-AF95-4142-BE62-291C2054A255}.Release|x64.ActiveCfg = Release|Any CPU
		{AD714304-AF95-4142-BE62-291C2054A255}.Release|x64.Build.0 = Release|Any CPU
		{AD714304-AF95-4142-BE62-291C2054A255}.Release|x86.ActiveCfg = Release|Any CPU
		{AD714304-AF95-4142-BE62-291C2054A255}.Release|x86.Build.0 = Release|Any CPU
		{9352D7A8-0919-47FB-AC9C-C9E29799E2E1}.Debug|Any CPU.ActiveCfg = Debug|Any CPU
		{9352D7A8-0919-47FB-AC9C-C9E29799E2E1}.Debug|Any CPU.Build.0 = Debug|Any CPU
		{9352D7A8-0919-47FB-AC9C-C9E29799E2E1}.Debug|x64.ActiveCfg = Debug|Any CPU
		{9352D7A8-0919-47FB-AC9C-C9E29799E2E1}.Debug|x64.Build.0 = Debug|Any CPU
		{9352D7A8-0919-47FB-AC9C-C9E29799E2E1}.Debug|x86.ActiveCfg = Debug|Any CPU
		{9352D7A8-0919-47FB-AC9C-C9E29799E2E1}.Debug|x86.Build.0 = Debug|Any CPU
		{9352D7A8-0919-47FB-AC9C-C9E29799E2E1}.Release|Any CPU.ActiveCfg = Release|Any CPU
		{9352D7A8-0919-47FB-AC9C-C9E29799E2E1}.Release|Any CPU.Build.0 = Release|Any CPU
		{9352D7A8-0919-47FB-AC9C-C9E29799E2E1}.Release|x64.ActiveCfg = Release|Any CPU
		{9352D7A8-0919-47FB-AC9C-C9E29799E2E1}.Release|x64.Build.0 = Release|Any CPU
		{9352D7A8-0919-47FB-AC9C-C9E29799E2E1}.Release|x86.ActiveCfg = Release|Any CPU
		{9352D7A8-0919-47FB-AC9C-C9E29799E2E1}.Release|x86.Build.0 = Release|Any CPU
	EndGlobalSection
EndGlobal
